
Microsoft Visual Studio Solution File, Format Version 12.00
# Visual Studio 2013
Project("{FAE04EC0-301F-11D3-BF4B-00C04F79EFBC}") = "FantasyLand.CSharp", "FantasyLand.CSharp.csproj", "{BAC1B62D-0EF2-A239-A85B-919306354751}"
EndProject
Project("{FAE04EC0-301F-11D3-BF4B-00C04F79EFBC}") = "FantasyLand.CSharp.Editor", "FantasyLand.CSharp.Editor.csproj", "{6A093F1A-31B0-33EF-0C56-3E98FC02020A}"
EndProject
Global
	GlobalSection(SolutionConfigurationPlatforms) = preSolution
		Debug|Any CPU = Debug|Any CPU
		Release|Any CPU = Release|Any CPU
	EndGlobalSection
	GlobalSection(ProjectConfigurationPlatforms) = postSolution
		{BAC1B62D-0EF2-A239-A85B-919306354751}.Debug|Any CPU.ActiveCfg = Debug|Any CPU
		{BAC1B62D-0EF2-A239-A85B-919306354751}.Debug|Any CPU.Build.0 = Debug|Any CPU
		{BAC1B62D-0EF2-A239-A85B-919306354751}.Release|Any CPU.ActiveCfg = Release|Any CPU
		{BAC1B62D-0EF2-A239-A85B-919306354751}.Release|Any CPU.Build.0 = Release|Any CPU
		{6A093F1A-31B0-33EF-0C56-3E98FC02020A}.Debug|Any CPU.ActiveCfg = Debug|Any CPU
		{6A093F1A-31B0-33EF-0C56-3E98FC02020A}.Debug|Any CPU.Build.0 = Debug|Any CPU
		{6A093F1A-31B0-33EF-0C56-3E98FC02020A}.Release|Any CPU.ActiveCfg = Release|Any CPU
		{6A093F1A-31B0-33EF-0C56-3E98FC02020A}.Release|Any CPU.Build.0 = Release|Any CPU
	EndGlobalSection
	GlobalSection(SolutionProperties) = preSolution
		HideSolutionNode = FALSE
	EndGlobalSection
EndGlobal
